// !$*UTF8*$!
{
	archiveVersion = 1;
	classes = {
	};
	objectVersion = 46;
	objects = {

/* Begin PBXBuildFile section */
		78B830361E5B0A32005B9057 /* AppDelegate.swift in Sources */ = {isa = PBXBuildFile; fileRef = 78B830351E5B0A32005B9057 /* AppDelegate.swift */; };
		78B830381E5B0A32005B9057 /* ViewController.swift in Sources */ = {isa = PBXBuildFile; fileRef = 78B830371E5B0A32005B9057 /* ViewController.swift */; };
		78B8303B1E5B0A32005B9057 /* Main.storyboard in Resources */ = {isa = PBXBuildFile; fileRef = 78B830391E5B0A32005B9057 /* Main.storyboard */; };
		78B8303D1E5B0A32005B9057 /* Assets.xcassets in Resources */ = {isa = PBXBuildFile; fileRef = 78B8303C1E5B0A32005B9057 /* Assets.xcassets */; };
		78B830401E5B0A32005B9057 /* LaunchScreen.storyboard in Resources */ = {isa = PBXBuildFile; fileRef = 78B8303E1E5B0A32005B9057 /* LaunchScreen.storyboard */; };
		78B8304B1E5B0A32005B9057 /* SHRichTextEditorToolsTests.swift in Sources */ = {isa = PBXBuildFile; fileRef = 78B8304A1E5B0A32005B9057 /* SHRichTextEditorToolsTests.swift */; };
		78B830561E5B0A32005B9057 /* SHRichTextEditorToolsUITests.swift in Sources */ = {isa = PBXBuildFile; fileRef = 78B830551E5B0A32005B9057 /* SHRichTextEditorToolsUITests.swift */; };
		78B8306E1E5B0B07005B9057 /* NSAttributedString+Helper.swift in Sources */ = {isa = PBXBuildFile; fileRef = 78B830641E5B0B07005B9057 /* NSAttributedString+Helper.swift */; };
		78B8306F1E5B0B07005B9057 /* TextViewDelegate.swift in Sources */ = {isa = PBXBuildFile; fileRef = 78B830651E5B0B07005B9057 /* TextViewDelegate.swift */; };
		78B830701E5B0B07005B9057 /* UIBarButtonItem+SHRichTextEditorTools.swift in Sources */ = {isa = PBXBuildFile; fileRef = 78B830661E5B0B07005B9057 /* UIBarButtonItem+SHRichTextEditorTools.swift */; };
		78B830711E5B0B07005B9057 /* UIFont+SymbolicTraits.swift in Sources */ = {isa = PBXBuildFile; fileRef = 78B830671E5B0B07005B9057 /* UIFont+SymbolicTraits.swift */; };
		78B830721E5B0B07005B9057 /* UITextView+ImageHelper.swift in Sources */ = {isa = PBXBuildFile; fileRef = 78B830681E5B0B07005B9057 /* UITextView+ImageHelper.swift */; };
		78B830731E5B0B07005B9057 /* UITextView+IndentationHelper.swift in Sources */ = {isa = PBXBuildFile; fileRef = 78B830691E5B0B07005B9057 /* UITextView+IndentationHelper.swift */; };
		78B830741E5B0B07005B9057 /* UITextView+LinkHelper.swift in Sources */ = {isa = PBXBuildFile; fileRef = 78B8306A1E5B0B07005B9057 /* UITextView+LinkHelper.swift */; };
		78B830751E5B0B07005B9057 /* UITextView+SHRichTextEditorTools.swift in Sources */ = {isa = PBXBuildFile; fileRef = 78B8306B1E5B0B07005B9057 /* UITextView+SHRichTextEditorTools.swift */; };
		78B830761E5B0B07005B9057 /* UITextView+TapHandler.swift in Sources */ = {isa = PBXBuildFile; fileRef = 78B8306C1E5B0B07005B9057 /* UITextView+TapHandler.swift */; };
/* End PBXBuildFile section */

/* Begin PBXContainerItemProxy section */
		78B830471E5B0A32005B9057 /* PBXContainerItemProxy */ = {
			isa = PBXContainerItemProxy;
			containerPortal = 78B8302A1E5B0A32005B9057 /* Project object */;
			proxyType = 1;
			remoteGlobalIDString = 78B830311E5B0A32005B9057;
			remoteInfo = SHRichTextEditorTools;
		};
		78B830521E5B0A32005B9057 /* PBXContainerItemProxy */ = {
			isa = PBXContainerItemProxy;
			containerPortal = 78B8302A1E5B0A32005B9057 /* Project object */;
			proxyType = 1;
			remoteGlobalIDString = 78B830311E5B0A32005B9057;
			remoteInfo = SHRichTextEditorTools;
		};
/* End PBXContainerItemProxy section */

/* Begin PBXFileReference section */
		78B830321E5B0A32005B9057 /* SHRichTextEditorTools.app */ = {isa = PBXFileReference; explicitFileType = wrapper.application; includeInIndex = 0; path = SHRichTextEditorTools.app; sourceTree = BUILT_PRODUCTS_DIR; };
		78B830351E5B0A32005B9057 /* AppDelegate.swift */ = {isa = PBXFileReference; lastKnownFileType = sourcecode.swift; path = AppDelegate.swift; sourceTree = "<group>"; };
		78B830371E5B0A32005B9057 /* ViewController.swift */ = {isa = PBXFileReference; lastKnownFileType = sourcecode.swift; path = ViewController.swift; sourceTree = "<group>"; };
		78B8303A1E5B0A32005B9057 /* Base */ = {isa = PBXFileReference; lastKnownFileType = file.storyboard; name = Base; path = Base.lproj/Main.storyboard; sourceTree = "<group>"; };
		78B8303C1E5B0A32005B9057 /* Assets.xcassets */ = {isa = PBXFileReference; lastKnownFileType = folder.assetcatalog; path = Assets.xcassets; sourceTree = "<group>"; };
		78B8303F1E5B0A32005B9057 /* Base */ = {isa = PBXFileReference; lastKnownFileType = file.storyboard; name = Base; path = Base.lproj/LaunchScreen.storyboard; sourceTree = "<group>"; };
		78B830411E5B0A32005B9057 /* Info.plist */ = {isa = PBXFileReference; lastKnownFileType = text.plist.xml; path = Info.plist; sourceTree = "<group>"; };
		78B830461E5B0A32005B9057 /* SHRichTextEditorToolsTests.xctest */ = {isa = PBXFileReference; explicitFileType = wrapper.cfbundle; includeInIndex = 0; path = SHRichTextEditorToolsTests.xctest; sourceTree = BUILT_PRODUCTS_DIR; };
		78B8304A1E5B0A32005B9057 /* SHRichTextEditorToolsTests.swift */ = {isa = PBXFileReference; lastKnownFileType = sourcecode.swift; path = SHRichTextEditorToolsTests.swift; sourceTree = "<group>"; };
		78B8304C1E5B0A32005B9057 /* Info.plist */ = {isa = PBXFileReference; lastKnownFileType = text.plist.xml; path = Info.plist; sourceTree = "<group>"; };
		78B830511E5B0A32005B9057 /* SHRichTextEditorToolsUITests.xctest */ = {isa = PBXFileReference; explicitFileType = wrapper.cfbundle; includeInIndex = 0; path = SHRichTextEditorToolsUITests.xctest; sourceTree = BUILT_PRODUCTS_DIR; };
		78B830551E5B0A32005B9057 /* SHRichTextEditorToolsUITests.swift */ = {isa = PBXFileReference; lastKnownFileType = sourcecode.swift; path = SHRichTextEditorToolsUITests.swift; sourceTree = "<group>"; };
		78B830571E5B0A32005B9057 /* Info.plist */ = {isa = PBXFileReference; lastKnownFileType = text.plist.xml; path = Info.plist; sourceTree = "<group>"; };
		78B830641E5B0B07005B9057 /* NSAttributedString+Helper.swift */ = {isa = PBXFileReference; fileEncoding = 4; lastKnownFileType = sourcecode.swift; name = "NSAttributedString+Helper.swift"; path = "Source/NSAttributedString+Helper.swift"; sourceTree = "<group>"; };
		78B830651E5B0B07005B9057 /* TextViewDelegate.swift */ = {isa = PBXFileReference; fileEncoding = 4; lastKnownFileType = sourcecode.swift; name = TextViewDelegate.swift; path = Source/TextViewDelegate.swift; sourceTree = "<group>"; };
		78B830661E5B0B07005B9057 /* UIBarButtonItem+SHRichTextEditorTools.swift */ = {isa = PBXFileReference; fileEncoding = 4; lastKnownFileType = sourcecode.swift; name = "UIBarButtonItem+SHRichTextEditorTools.swift"; path = "Source/UIBarButtonItem+SHRichTextEditorTools.swift"; sourceTree = "<group>"; };
		78B830671E5B0B07005B9057 /* UIFont+SymbolicTraits.swift */ = {isa = PBXFileReference; fileEncoding = 4; lastKnownFileType = sourcecode.swift; name = "UIFont+SymbolicTraits.swift"; path = "Source/UIFont+SymbolicTraits.swift"; sourceTree = "<group>"; };
		78B830681E5B0B07005B9057 /* UITextView+ImageHelper.swift */ = {isa = PBXFileReference; fileEncoding = 4; lastKnownFileType = sourcecode.swift; name = "UITextView+ImageHelper.swift"; path = "Source/UITextView+ImageHelper.swift"; sourceTree = "<group>"; };
		78B830691E5B0B07005B9057 /* UITextView+IndentationHelper.swift */ = {isa = PBXFileReference; fileEncoding = 4; lastKnownFileType = sourcecode.swift; name = "UITextView+IndentationHelper.swift"; path = "Source/UITextView+IndentationHelper.swift"; sourceTree = "<group>"; };
		78B8306A1E5B0B07005B9057 /* UITextView+LinkHelper.swift */ = {isa = PBXFileReference; fileEncoding = 4; lastKnownFileType = sourcecode.swift; name = "UITextView+LinkHelper.swift"; path = "Source/UITextView+LinkHelper.swift"; sourceTree = "<group>"; };
		78B8306B1E5B0B07005B9057 /* UITextView+SHRichTextEditorTools.swift */ = {isa = PBXFileReference; fileEncoding = 4; lastKnownFileType = sourcecode.swift; name = "UITextView+SHRichTextEditorTools.swift"; path = "Source/UITextView+SHRichTextEditorTools.swift"; sourceTree = "<group>"; };
		78B8306C1E5B0B07005B9057 /* UITextView+TapHandler.swift */ = {isa = PBXFileReference; fileEncoding = 4; lastKnownFileType = sourcecode.swift; name = "UITextView+TapHandler.swift"; path = "Source/UITextView+TapHandler.swift"; sourceTree = "<group>"; };
/* End PBXFileReference section */

/* Begin PBXFrameworksBuildPhase section */
		78B8302F1E5B0A32005B9057 /* Frameworks */ = {
			isa = PBXFrameworksBuildPhase;
			buildActionMask = 2147483647;
			files = (
			);
			runOnlyForDeploymentPostprocessing = 0;
		};
		78B830431E5B0A32005B9057 /* Frameworks */ = {
			isa = PBXFrameworksBuildPhase;
			buildActionMask = 2147483647;
			files = (
			);
			runOnlyForDeploymentPostprocessing = 0;
		};
		78B8304E1E5B0A32005B9057 /* Frameworks */ = {
			isa = PBXFrameworksBuildPhase;
			buildActionMask = 2147483647;
			files = (
			);
			runOnlyForDeploymentPostprocessing = 0;
		};
/* End PBXFrameworksBuildPhase section */

/* Begin PBXGroup section */
		78B830291E5B0A32005B9057 = {
			isa = PBXGroup;
			children = (
				78B830341E5B0A32005B9057 /* SHRichTextEditorTools */,
				78B830491E5B0A32005B9057 /* SHRichTextEditorToolsTests */,
				78B830541E5B0A32005B9057 /* SHRichTextEditorToolsUITests */,
				78B830331E5B0A32005B9057 /* Products */,
			);
			sourceTree = "<group>";
		};
		78B830331E5B0A32005B9057 /* Products */ = {
			isa = PBXGroup;
			children = (
				78B830321E5B0A32005B9057 /* SHRichTextEditorTools.app */,
				78B830461E5B0A32005B9057 /* SHRichTextEditorToolsTests.xctest */,
				78B830511E5B0A32005B9057 /* SHRichTextEditorToolsUITests.xctest */,
			);
			name = Products;
			sourceTree = "<group>";
		};
		78B830341E5B0A32005B9057 /* SHRichTextEditorTools */ = {
			isa = PBXGroup;
			children = (
				78B830631E5B0ACF005B9057 /* Source */,
				78B830351E5B0A32005B9057 /* AppDelegate.swift */,
				78B830371E5B0A32005B9057 /* ViewController.swift */,
				78B830391E5B0A32005B9057 /* Main.storyboard */,
				78B8303C1E5B0A32005B9057 /* Assets.xcassets */,
				78B8303E1E5B0A32005B9057 /* LaunchScreen.storyboard */,
				78B830411E5B0A32005B9057 /* Info.plist */,
			);
			path = SHRichTextEditorTools;
			sourceTree = "<group>";
		};
		78B830491E5B0A32005B9057 /* SHRichTextEditorToolsTests */ = {
			isa = PBXGroup;
			children = (
				78B8304A1E5B0A32005B9057 /* SHRichTextEditorToolsTests.swift */,
				78B8304C1E5B0A32005B9057 /* Info.plist */,
			);
			path = SHRichTextEditorToolsTests;
			sourceTree = "<group>";
		};
		78B830541E5B0A32005B9057 /* SHRichTextEditorToolsUITests */ = {
			isa = PBXGroup;
			children = (
				78B830551E5B0A32005B9057 /* SHRichTextEditorToolsUITests.swift */,
				78B830571E5B0A32005B9057 /* Info.plist */,
			);
			path = SHRichTextEditorToolsUITests;
			sourceTree = "<group>";
		};
		78B830631E5B0ACF005B9057 /* Source */ = {
			isa = PBXGroup;
			children = (
				78B830641E5B0B07005B9057 /* NSAttributedString+Helper.swift */,
				78B830651E5B0B07005B9057 /* TextViewDelegate.swift */,
				78B830661E5B0B07005B9057 /* UIBarButtonItem+SHRichTextEditorTools.swift */,
				78B830671E5B0B07005B9057 /* UIFont+SymbolicTraits.swift */,
				78B830681E5B0B07005B9057 /* UITextView+ImageHelper.swift */,
				78B830691E5B0B07005B9057 /* UITextView+IndentationHelper.swift */,
				78B8306A1E5B0B07005B9057 /* UITextView+LinkHelper.swift */,
				78B8306B1E5B0B07005B9057 /* UITextView+SHRichTextEditorTools.swift */,
				78B8306C1E5B0B07005B9057 /* UITextView+TapHandler.swift */,
			);
			name = Source;
			sourceTree = "<group>";
		};
/* End PBXGroup section */

/* Begin PBXNativeTarget section */
		78B830311E5B0A32005B9057 /* SHRichTextEditorTools */ = {
			isa = PBXNativeTarget;
			buildConfigurationList = 78B8305A1E5B0A32005B9057 /* Build configuration list for PBXNativeTarget "SHRichTextEditorTools" */;
			buildPhases = (
				78B8302E1E5B0A32005B9057 /* Sources */,
				78B8302F1E5B0A32005B9057 /* Frameworks */,
				78B830301E5B0A32005B9057 /* Resources */,
			);
			buildRules = (
			);
			dependencies = (
			);
			name = SHRichTextEditorTools;
			productName = SHRichTextEditorTools;
			productReference = 78B830321E5B0A32005B9057 /* SHRichTextEditorTools.app */;
			productType = "com.apple.product-type.application";
		};
		78B830451E5B0A32005B9057 /* SHRichTextEditorToolsTests */ = {
			isa = PBXNativeTarget;
			buildConfigurationList = 78B8305D1E5B0A32005B9057 /* Build configuration list for PBXNativeTarget "SHRichTextEditorToolsTests" */;
			buildPhases = (
				78B830421E5B0A32005B9057 /* Sources */,
				78B830431E5B0A32005B9057 /* Frameworks */,
				78B830441E5B0A32005B9057 /* Resources */,
			);
			buildRules = (
			);
			dependencies = (
				78B830481E5B0A32005B9057 /* PBXTargetDependency */,
			);
			name = SHRichTextEditorToolsTests;
			productName = SHRichTextEditorToolsTests;
			productReference = 78B830461E5B0A32005B9057 /* SHRichTextEditorToolsTests.xctest */;
			productType = "com.apple.product-type.bundle.unit-test";
		};
		78B830501E5B0A32005B9057 /* SHRichTextEditorToolsUITests */ = {
			isa = PBXNativeTarget;
			buildConfigurationList = 78B830601E5B0A32005B9057 /* Build configuration list for PBXNativeTarget "SHRichTextEditorToolsUITests" */;
			buildPhases = (
				78B8304D1E5B0A32005B9057 /* Sources */,
				78B8304E1E5B0A32005B9057 /* Frameworks */,
				78B8304F1E5B0A32005B9057 /* Resources */,
			);
			buildRules = (
			);
			dependencies = (
				78B830531E5B0A32005B9057 /* PBXTargetDependency */,
			);
			name = SHRichTextEditorToolsUITests;
			productName = SHRichTextEditorToolsUITests;
			productReference = 78B830511E5B0A32005B9057 /* SHRichTextEditorToolsUITests.xctest */;
			productType = "com.apple.product-type.bundle.ui-testing";
		};
/* End PBXNativeTarget section */

/* Begin PBXProject section */
		78B8302A1E5B0A32005B9057 /* Project object */ = {
			isa = PBXProject;
			attributes = {
				LastSwiftUpdateCheck = 0820;
				LastUpgradeCheck = 0820;
				ORGANIZATIONNAME = hsusmita;
				TargetAttributes = {
					78B830311E5B0A32005B9057 = {
						CreatedOnToolsVersion = 8.2.1;
						DevelopmentTeam = HP3Q6K3LF3;
						ProvisioningStyle = Automatic;
					};
					78B830451E5B0A32005B9057 = {
						CreatedOnToolsVersion = 8.2.1;
						DevelopmentTeam = HP3Q6K3LF3;
						ProvisioningStyle = Automatic;
						TestTargetID = 78B830311E5B0A32005B9057;
					};
					78B830501E5B0A32005B9057 = {
						CreatedOnToolsVersion = 8.2.1;
						DevelopmentTeam = HP3Q6K3LF3;
						ProvisioningStyle = Automatic;
						TestTargetID = 78B830311E5B0A32005B9057;
					};
				};
			};
			buildConfigurationList = 78B8302D1E5B0A32005B9057 /* Build configuration list for PBXProject "SHRichTextEditorTools" */;
			compatibilityVersion = "Xcode 3.2";
			developmentRegion = English;
			hasScannedForEncodings = 0;
			knownRegions = (
				en,
				Base,
			);
			mainGroup = 78B830291E5B0A32005B9057;
			productRefGroup = 78B830331E5B0A32005B9057 /* Products */;
			projectDirPath = "";
			projectRoot = "";
			targets = (
				78B830311E5B0A32005B9057 /* SHRichTextEditorTools */,
				78B830451E5B0A32005B9057 /* SHRichTextEditorToolsTests */,
				78B830501E5B0A32005B9057 /* SHRichTextEditorToolsUITests */,
			);
		};
/* End PBXProject section */

/* Begin PBXResourcesBuildPhase section */
		78B830301E5B0A32005B9057 /* Resources */ = {
			isa = PBXResourcesBuildPhase;
			buildActionMask = 2147483647;
			files = (
				78B830401E5B0A32005B9057 /* LaunchScreen.storyboard in Resources */,
				78B8303D1E5B0A32005B9057 /* Assets.xcassets in Resources */,
				78B8303B1E5B0A32005B9057 /* Main.storyboard in Resources */,
			);
			runOnlyForDeploymentPostprocessing = 0;
		};
		78B830441E5B0A32005B9057 /* Resources */ = {
			isa = PBXResourcesBuildPhase;
			buildActionMask = 2147483647;
			files = (
			);
			runOnlyForDeploymentPostprocessing = 0;
		};
		78B8304F1E5B0A32005B9057 /* Resources */ = {
			isa = PBXResourcesBuildPhase;
			buildActionMask = 2147483647;
			files = (
			);
			runOnlyForDeploymentPostprocessing = 0;
		};
/* End PBXResourcesBuildPhase section */

/* Begin PBXSourcesBuildPhase section */
		78B8302E1E5B0A32005B9057 /* Sources */ = {
			isa = PBXSourcesBuildPhase;
			buildActionMask = 2147483647;
			files = (
				78B8306F1E5B0B07005B9057 /* TextViewDelegate.swift in Sources */,
				78B8306E1E5B0B07005B9057 /* NSAttributedString+Helper.swift in Sources */,
				78B830701E5B0B07005B9057 /* UIBarButtonItem+SHRichTextEditorTools.swift in Sources */,
				78B830381E5B0A32005B9057 /* ViewController.swift in Sources */,
				78B830741E5B0B07005B9057 /* UITextView+LinkHelper.swift in Sources */,
				78B830361E5B0A32005B9057 /* AppDelegate.swift in Sources */,
				78B830761E5B0B07005B9057 /* UITextView+TapHandler.swift in Sources */,
				78B830751E5B0B07005B9057 /* UITextView+SHRichTextEditorTools.swift in Sources */,
				78B830721E5B0B07005B9057 /* UITextView+ImageHelper.swift in Sources */,
				78B830711E5B0B07005B9057 /* UIFont+SymbolicTraits.swift in Sources */,
				78B830731E5B0B07005B9057 /* UITextView+IndentationHelper.swift in Sources */,
			);
			runOnlyForDeploymentPostprocessing = 0;
		};
		78B830421E5B0A32005B9057 /* Sources */ = {
			isa = PBXSourcesBuildPhase;
			buildActionMask = 2147483647;
			files = (
				78B8304B1E5B0A32005B9057 /* SHRichTextEditorToolsTests.swift in Sources */,
			);
			runOnlyForDeploymentPostprocessing = 0;
		};
		78B8304D1E5B0A32005B9057 /* Sources */ = {
			isa = PBXSourcesBuildPhase;
			buildActionMask = 2147483647;
			files = (
				78B830561E5B0A32005B9057 /* SHRichTextEditorToolsUITests.swift in Sources */,
			);
			runOnlyForDeploymentPostprocessing = 0;
		};
/* End PBXSourcesBuildPhase section */

/* Begin PBXTargetDependency section */
		78B830481E5B0A32005B9057 /* PBXTargetDependency */ = {
			isa = PBXTargetDependency;
			target = 78B830311E5B0A32005B9057 /* SHRichTextEditorTools */;
			targetProxy = 78B830471E5B0A32005B9057 /* PBXContainerItemProxy */;
		};
		78B830531E5B0A32005B9057 /* PBXTargetDependency */ = {
			isa = PBXTargetDependency;
			target = 78B830311E5B0A32005B9057 /* SHRichTextEditorTools */;
			targetProxy = 78B830521E5B0A32005B9057 /* PBXContainerItemProxy */;
		};
/* End PBXTargetDependency section */

/* Begin PBXVariantGroup section */
		78B830391E5B0A32005B9057 /* Main.storyboard */ = {
			isa = PBXVariantGroup;
			children = (
				78B8303A1E5B0A32005B9057 /* Base */,
			);
			name = Main.storyboard;
			sourceTree = "<group>";
		};
		78B8303E1E5B0A32005B9057 /* LaunchScreen.storyboard */ = {
			isa = PBXVariantGroup;
			children = (
				78B8303F1E5B0A32005B9057 /* Base */,
			);
			name = LaunchScreen.storyboard;
			sourceTree = "<group>";
		};
/* End PBXVariantGroup section */

/* Begin XCBuildConfiguration section */
		78B830581E5B0A32005B9057 /* Debug */ = {
			isa = XCBuildConfiguration;
			buildSettings = {
				ALWAYS_SEARCH_USER_PATHS = NO;
				CLANG_ANALYZER_NONNULL = YES;
				CLANG_CXX_LANGUAGE_STANDARD = "gnu++0x";
				CLANG_CXX_LIBRARY = "libc++";
				CLANG_ENABLE_MODULES = YES;
				CLANG_ENABLE_OBJC_ARC = YES;
				CLANG_WARN_BOOL_CONVERSION = YES;
				CLANG_WARN_CONSTANT_CONVERSION = YES;
				CLANG_WARN_DIRECT_OBJC_ISA_USAGE = YES_ERROR;
				CLANG_WARN_DOCUMENTATION_COMMENTS = YES;
				CLANG_WARN_EMPTY_BODY = YES;
				CLANG_WARN_ENUM_CONVERSION = YES;
				CLANG_WARN_INFINITE_RECURSION = YES;
				CLANG_WARN_INT_CONVERSION = YES;
				CLANG_WARN_OBJC_ROOT_CLASS = YES_ERROR;
				CLANG_WARN_SUSPICIOUS_MOVE = YES;
				CLANG_WARN_UNREACHABLE_CODE = YES;
				CLANG_WARN__DUPLICATE_METHOD_MATCH = YES;
				"CODE_SIGN_IDENTITY[sdk=iphoneos*]" = "iPhone Developer";
				COPY_PHASE_STRIP = NO;
				DEBUG_INFORMATION_FORMAT = dwarf;
				ENABLE_STRICT_OBJC_MSGSEND = YES;
				ENABLE_TESTABILITY = YES;
				GCC_C_LANGUAGE_STANDARD = gnu99;
				GCC_DYNAMIC_NO_PIC = NO;
				GCC_NO_COMMON_BLOCKS = YES;
				GCC_OPTIMIZATION_LEVEL = 0;
				GCC_PREPROCESSOR_DEFINITIONS = (
					"DEBUG=1",
					"$(inherited)",
				);
				GCC_WARN_64_TO_32_BIT_CONVERSION = YES;
				GCC_WARN_ABOUT_RETURN_TYPE = YES_ERROR;
				GCC_WARN_UNDECLARED_SELECTOR = YES;
				GCC_WARN_UNINITIALIZED_AUTOS = YES_AGGRESSIVE;
				GCC_WARN_UNUSED_FUNCTION = YES;
				GCC_WARN_UNUSED_VARIABLE = YES;
				IPHONEOS_DEPLOYMENT_TARGET = 10.2;
				MTL_ENABLE_DEBUG_INFO = YES;
				ONLY_ACTIVE_ARCH = YES;
				SDKROOT = iphoneos;
				SWIFT_ACTIVE_COMPILATION_CONDITIONS = DEBUG;
				SWIFT_OPTIMIZATION_LEVEL = "-Onone";
				TARGETED_DEVICE_FAMILY = "1,2";
			};
			name = Debug;
		};
		78B830591E5B0A32005B9057 /* Release */ = {
			isa = XCBuildConfiguration;
			buildSettings = {
				ALWAYS_SEARCH_USER_PATHS = NO;
				CLANG_ANALYZER_NONNULL = YES;
				CLANG_CXX_LANGUAGE_STANDARD = "gnu++0x";
				CLANG_CXX_LIBRARY = "libc++";
				CLANG_ENABLE_MODULES = YES;
				CLANG_ENABLE_OBJC_ARC = YES;
				CLANG_WARN_BOOL_CONVERSION = YES;
				CLANG_WARN_CONSTANT_CONVERSION = YES;
				CLANG_WARN_DIRECT_OBJC_ISA_USAGE = YES_ERROR;
				CLANG_WARN_DOCUMENTATION_COMMENTS = YES;
				CLANG_WARN_EMPTY_BODY = YES;
				CLANG_WARN_ENUM_CONVERSION = YES;
				CLANG_WARN_INFINITE_RECURSION = YES;
				CLANG_WARN_INT_CONVERSION = YES;
				CLANG_WARN_OBJC_ROOT_CLASS = YES_ERROR;
				CLANG_WARN_SUSPICIOUS_MOVE = YES;
				CLANG_WARN_UNREACHABLE_CODE = YES;
				CLANG_WARN__DUPLICATE_METHOD_MATCH = YES;
				"CODE_SIGN_IDENTITY[sdk=iphoneos*]" = "iPhone Developer";
				COPY_PHASE_STRIP = NO;
				DEBUG_INFORMATION_FORMAT = "dwarf-with-dsym";
				ENABLE_NS_ASSERTIONS = NO;
				ENABLE_STRICT_OBJC_MSGSEND = YES;
				GCC_C_LANGUAGE_STANDARD = gnu99;
				GCC_NO_COMMON_BLOCKS = YES;
				GCC_WARN_64_TO_32_BIT_CONVERSION = YES;
				GCC_WARN_ABOUT_RETURN_TYPE = YES_ERROR;
				GCC_WARN_UNDECLARED_SELECTOR = YES;
				GCC_WARN_UNINITIALIZED_AUTOS = YES_AGGRESSIVE;
				GCC_WARN_UNUSED_FUNCTION = YES;
				GCC_WARN_UNUSED_VARIABLE = YES;
				IPHONEOS_DEPLOYMENT_TARGET = 10.2;
				MTL_ENABLE_DEBUG_INFO = NO;
				SDKROOT = iphoneos;
				SWIFT_OPTIMIZATION_LEVEL = "-Owholemodule";
				TARGETED_DEVICE_FAMILY = "1,2";
				VALIDATE_PRODUCT = YES;
			};
			name = Release;
		};
		78B8305B1E5B0A32005B9057 /* Debug */ = {
			isa = XCBuildConfiguration;
			buildSettings = {
				ASSETCATALOG_COMPILER_APPICON_NAME = AppIcon;
				DEVELOPMENT_TEAM = HP3Q6K3LF3;
				INFOPLIST_FILE = SHRichTextEditorTools/Info.plist;
				LD_RUNPATH_SEARCH_PATHS = "$(inherited) @executable_path/Frameworks";
				PRODUCT_BUNDLE_IDENTIFIER = com.hsusmita.SHRichTextEditorTools;
				PRODUCT_NAME = "$(TARGET_NAME)";
				SWIFT_VERSION = 3.0;
			};
			name = Debug;
		};
		78B8305C1E5B0A32005B9057 /* Release */ = {
			isa = XCBuildConfiguration;
			buildSettings = {
				ASSETCATALOG_COMPILER_APPICON_NAME = AppIcon;
				DEVELOPMENT_TEAM = HP3Q6K3LF3;
				INFOPLIST_FILE = SHRichTextEditorTools/Info.plist;
				LD_RUNPATH_SEARCH_PATHS = "$(inherited) @executable_path/Frameworks";
				PRODUCT_BUNDLE_IDENTIFIER = com.hsusmita.SHRichTextEditorTools;
				PRODUCT_NAME = "$(TARGET_NAME)";
				SWIFT_VERSION = 3.0;
			};
			name = Release;
		};
		78B8305E1E5B0A32005B9057 /* Debug */ = {
			isa = XCBuildConfiguration;
			buildSettings = {
				ALWAYS_EMBED_SWIFT_STANDARD_LIBRARIES = YES;
				BUNDLE_LOADER = "$(TEST_HOST)";
				DEVELOPMENT_TEAM = HP3Q6K3LF3;
				INFOPLIST_FILE = SHRichTextEditorToolsTests/Info.plist;
				LD_RUNPATH_SEARCH_PATHS = "$(inherited) @executable_path/Frameworks @loader_path/Frameworks";
				PRODUCT_BUNDLE_IDENTIFIER = com.hsusmita.SHRichTextEditorToolsTests;
				PRODUCT_NAME = "$(TARGET_NAME)";
				SWIFT_VERSION = 3.0;
				TEST_HOST = "$(BUILT_PRODUCTS_DIR)/SHRichTextEditorTools.app/SHRichTextEditorTools";
			};
			name = Debug;
		};
		78B8305F1E5B0A32005B9057 /* Release */ = {
			isa = XCBuildConfiguration;
			buildSettings = {
				ALWAYS_EMBED_SWIFT_STANDARD_LIBRARIES = YES;
				BUNDLE_LOADER = "$(TEST_HOST)";
				DEVELOPMENT_TEAM = HP3Q6K3LF3;
				INFOPLIST_FILE = SHRichTextEditorToolsTests/Info.plist;
				LD_RUNPATH_SEARCH_PATHS = "$(inherited) @executable_path/Frameworks @loader_path/Frameworks";
				PRODUCT_BUNDLE_IDENTIFIER = com.hsusmita.SHRichTextEditorToolsTests;
				PRODUCT_NAME = "$(TARGET_NAME)";
				SWIFT_VERSION = 3.0;
				TEST_HOST = "$(BUILT_PRODUCTS_DIR)/SHRichTextEditorTools.app/SHRichTextEditorTools";
			};
			name = Release;
		};
		78B830611E5B0A32005B9057 /* Debug */ = {
			isa = XCBuildConfiguration;
			buildSettings = {
				ALWAYS_EMBED_SWIFT_STANDARD_LIBRARIES = YES;
				DEVELOPMENT_TEAM = HP3Q6K3LF3;
				INFOPLIST_FILE = SHRichTextEditorToolsUITests/Info.plist;
				LD_RUNPATH_SEARCH_PATHS = "$(inherited) @executable_path/Frameworks @loader_path/Frameworks";
				PRODUCT_BUNDLE_IDENTIFIER = com.hsusmita.SHRichTextEditorToolsUITests;
				PRODUCT_NAME = "$(TARGET_NAME)";
				SWIFT_VERSION = 3.0;
				TEST_TARGET_NAME = SHRichTextEditorTools;
			};
			name = Debug;
		};
		78B830621E5B0A32005B9057 /* Release */ = {
			isa = XCBuildConfiguration;
			buildSettings = {
				ALWAYS_EMBED_SWIFT_STANDARD_LIBRARIES = YES;
				DEVELOPMENT_TEAM = HP3Q6K3LF3;
				INFOPLIST_FILE = SHRichTextEditorToolsUITests/Info.plist;
				LD_RUNPATH_SEARCH_PATHS = "$(inherited) @executable_path/Frameworks @loader_path/Frameworks";
				PRODUCT_BUNDLE_IDENTIFIER = com.hsusmita.SHRichTextEditorToolsUITests;
				PRODUCT_NAME = "$(TARGET_NAME)";
				SWIFT_VERSION = 3.0;
				TEST_TARGET_NAME = SHRichTextEditorTools;
			};
			name = Release;
		};
/* End XCBuildConfiguration section */

/* Begin XCConfigurationList section */
		78B8302D1E5B0A32005B9057 /* Build configuration list for PBXProject "SHRichTextEditorTools" */ = {
			isa = XCConfigurationList;
			buildConfigurations = (
				78B830581E5B0A32005B9057 /* Debug */,
				78B830591E5B0A32005B9057 /* Release */,
			);
			defaultConfigurationIsVisible = 0;
			defaultConfigurationName = Release;
		};
		78B8305A1E5B0A32005B9057 /* Build configuration list for PBXNativeTarget "SHRichTextEditorTools" */ = {
			isa = XCConfigurationList;
			buildConfigurations = (
				78B8305B1E5B0A32005B9057 /* Debug */,
				78B8305C1E5B0A32005B9057 /* Release */,
			);
			defaultConfigurationIsVisible = 0;
		};
		78B8305D1E5B0A32005B9057 /* Build configuration list for PBXNativeTarget "SHRichTextEditorToolsTests" */ = {
			isa = XCConfigurationList;
			buildConfigurations = (
				78B8305E1E5B0A32005B9057 /* Debug */,
				78B8305F1E5B0A32005B9057 /* Release */,
			);
			defaultConfigurationIsVisible = 0;
		};
		78B830601E5B0A32005B9057 /* Build configuration list for PBXNativeTarget "SHRichTextEditorToolsUITests" */ = {
			isa = XCConfigurationList;
			buildConfigurations = (
				78B830611E5B0A32005B9057 /* Debug */,
				78B830621E5B0A32005B9057 /* Release */,
			);
			defaultConfigurationIsVisible = 0;
		};
/* End XCConfigurationList section */
	};
	rootObject = 78B8302A1E5B0A32005B9057 /* Project object */;
}
